// !$*UTF8*$!
{
	archiveVersion = 1;
	classes = {
	};
	objectVersion = 46;
	objects = {

/* Begin PBXBuildFile section */
		37F00AD91A035253005B09EE /* main.m in Sources */ = {isa = PBXBuildFile; fileRef = 37F00AD81A035253005B09EE /* main.m */; };
		37F00ADC1A035253005B09EE /* AppDelegate.m in Sources */ = {isa = PBXBuildFile; fileRef = 37F00ADB1A035253005B09EE /* AppDelegate.m */; };
		37F00ADF1A035253005B09EE /* ViewController.m in Sources */ = {isa = PBXBuildFile; fileRef = 37F00ADE1A035253005B09EE /* ViewController.m */; };
		37F00AE21A035253005B09EE /* Main.storyboard in Resources */ = {isa = PBXBuildFile; fileRef = 37F00AE01A035253005B09EE /* Main.storyboard */; };
		37F00AE41A035253005B09EE /* Images.xcassets in Resources */ = {isa = PBXBuildFile; fileRef = 37F00AE31A035253005B09EE /* Images.xcassets */; };
		37F00AE71A035253005B09EE /* LaunchScreen.xib in Resources */ = {isa = PBXBuildFile; fileRef = 37F00AE51A035253005B09EE /* LaunchScreen.xib */; };
		37F00AF31A035253005B09EE /* CompletionHandlerDesignTests.m in Sources */ = {isa = PBXBuildFile; fileRef = 37F00AF21A035253005B09EE /* CompletionHandlerDesignTests.m */; };
		37F00AFE1A03526C005B09EE /* MyClass.m in Sources */ = {isa = PBXBuildFile; fileRef = 37F00AFD1A03526C005B09EE /* MyClass.m */; };
/* End PBXBuildFile section */

/* Begin PBXContainerItemProxy section */
		37F00AED1A035253005B09EE /* PBXContainerItemProxy */ = {
			isa = PBXContainerItemProxy;
			containerPortal = 37F00ACB1A035253005B09EE /* Project object */;
			proxyType = 1;
			remoteGlobalIDString = 37F00AD21A035253005B09EE;
			remoteInfo = CompletionHandlerDesign;
		};
/* End PBXContainerItemProxy section */

/* Begin PBXFileReference section */
		37F00AD31A035253005B09EE /* CompletionHandlerDesign.app */ = {isa = PBXFileReference; explicitFileType = wrapper.application; includeInIndex = 0; path = CompletionHandlerDesign.app; sourceTree = BUILT_PRODUCTS_DIR; };
		37F00AD71A035253005B09EE /* Info.plist */ = {isa = PBXFileReference; lastKnownFileType = text.plist.xml; path = Info.plist; sourceTree = "<group>"; };
		37F00AD81A035253005B09EE /* main.m */ = {isa = PBXFileReference; lastKnownFileType = sourcecode.c.objc; path = main.m; sourceTree = "<group>"; };
		37F00ADA1A035253005B09EE /* AppDelegate.h */ = {isa = PBXFileReference; lastKnownFileType = sourcecode.c.h; path = AppDelegate.h; sourceTree = "<group>"; };
		37F00ADB1A035253005B09EE /* AppDelegate.m */ = {isa = PBXFileReference; lastKnownFileType = sourcecode.c.objc; path = AppDelegate.m; sourceTree = "<group>"; };
		37F00ADD1A035253005B09EE /* ViewController.h */ = {isa = PBXFileReference; lastKnownFileType = sourcecode.c.h; path = ViewController.h; sourceTree = "<group>"; };
		37F00ADE1A035253005B09EE /* ViewController.m */ = {isa = PBXFileReference; lastKnownFileType = sourcecode.c.objc; path = ViewController.m; sourceTree = "<group>"; };
		37F00AE11A035253005B09EE /* Base */ = {isa = PBXFileReference; lastKnownFileType = file.storyboard; name = Base; path = Base.lproj/Main.storyboard; sourceTree = "<group>"; };
		37F00AE31A035253005B09EE /* Images.xcassets */ = {isa = PBXFileReference; lastKnownFileType = folder.assetcatalog; path = Images.xcassets; sourceTree = "<group>"; };
		37F00AE61A035253005B09EE /* Base */ = {isa = PBXFileReference; lastKnownFileType = file.xib; name = Base; path = Base.lproj/LaunchScreen.xib; sourceTree = "<group>"; };
		37F00AEC1A035253005B09EE /* CompletionHandlerDesignTests.xctest */ = {isa = PBXFileReference; explicitFileType = wrapper.cfbundle; includeInIndex = 0; path = CompletionHandlerDesignTests.xctest; sourceTree = BUILT_PRODUCTS_DIR; };
		37F00AF11A035253005B09EE /* Info.plist */ = {isa = PBXFileReference; lastKnownFileType = text.plist.xml; path = Info.plist; sourceTree = "<group>"; };
		37F00AF21A035253005B09EE /* CompletionHandlerDesignTests.m */ = {isa = PBXFileReference; lastKnownFileType = sourcecode.c.objc; path = CompletionHandlerDesignTests.m; sourceTree = "<group>"; };
		37F00AFC1A03526C005B09EE /* MyClass.h */ = {isa = PBXFileReference; fileEncoding = 4; lastKnownFileType = sourcecode.c.h; path = MyClass.h; sourceTree = "<group>"; };
		37F00AFD1A03526C005B09EE /* MyClass.m */ = {isa = PBXFileReference; fileEncoding = 4; lastKnownFileType = sourcecode.c.objc; path = MyClass.m; sourceTree = "<group>"; };
/* End PBXFileReference section */

/* Begin PBXFrameworksBuildPhase section */
		37F00AD01A035253005B09EE /* Frameworks */ = {
			isa = PBXFrameworksBuildPhase;
			buildActionMask = 2147483647;
			files = (
			);
			runOnlyForDeploymentPostprocessing = 0;
		};
		37F00AE91A035253005B09EE /* Frameworks */ = {
			isa = PBXFrameworksBuildPhase;
			buildActionMask = 2147483647;
			files = (
			);
			runOnlyForDeploymentPostprocessing = 0;
		};
/* End PBXFrameworksBuildPhase section */

/* Begin PBXGroup section */
		37F00ACA1A035253005B09EE = {
			isa = PBXGroup;
			children = (
				37F00AD51A035253005B09EE /* CompletionHandlerDesign */,
				37F00AEF1A035253005B09EE /* CompletionHandlerDesignTests */,
				37F00AD41A035253005B09EE /* Products */,
			);
			sourceTree = "<group>";
		};
		37F00AD41A035253005B09EE /* Products */ = {
			isa = PBXGroup;
			children = (
				37F00AD31A035253005B09EE /* CompletionHandlerDesign.app */,
				37F00AEC1A035253005B09EE /* CompletionHandlerDesignTests.xctest */,
			);
			name = Products;
			sourceTree = "<group>";
		};
		37F00AD51A035253005B09EE /* CompletionHandlerDesign */ = {
			isa = PBXGroup;
			children = (
				37F00ADA1A035253005B09EE /* AppDelegate.h */,
				37F00ADB1A035253005B09EE /* AppDelegate.m */,
				37F00ADD1A035253005B09EE /* ViewController.h */,
				37F00ADE1A035253005B09EE /* ViewController.m */,
				37F00AFC1A03526C005B09EE /* MyClass.h */,
				37F00AFD1A03526C005B09EE /* MyClass.m */,
				37F00AE01A035253005B09EE /* Main.storyboard */,
				37F00AE31A035253005B09EE /* Images.xcassets */,
				37F00AE51A035253005B09EE /* LaunchScreen.xib */,
				37F00AD61A035253005B09EE /* Supporting Files */,
			);
			path = CompletionHandlerDesign;
			sourceTree = "<group>";
		};
		37F00AD61A035253005B09EE /* Supporting Files */ = {
			isa = PBXGroup;
			children = (
				37F00AD71A035253005B09EE /* Info.plist */,
				37F00AD81A035253005B09EE /* main.m */,
			);
			name = "Supporting Files";
			sourceTree = "<group>";
		};
		37F00AEF1A035253005B09EE /* CompletionHandlerDesignTests */ = {
			isa = PBXGroup;
			children = (
				37F00AF21A035253005B09EE /* CompletionHandlerDesignTests.m */,
				37F00AF01A035253005B09EE /* Supporting Files */,
			);
			path = CompletionHandlerDesignTests;
			sourceTree = "<group>";
		};
		37F00AF01A035253005B09EE /* Supporting Files */ = {
			isa = PBXGroup;
			children = (
				37F00AF11A035253005B09EE /* Info.plist */,
			);
			name = "Supporting Files";
			sourceTree = "<group>";
		};
/* End PBXGroup section */

/* Begin PBXNativeTarget section */
		37F00AD21A035253005B09EE /* CompletionHandlerDesign */ = {
			isa = PBXNativeTarget;
			buildConfigurationList = 37F00AF61A035253005B09EE /* Build configuration list for PBXNativeTarget "CompletionHandlerDesign" */;
			buildPhases = (
				37F00ACF1A035253005B09EE /* Sources */,
				37F00AD01A035253005B09EE /* Frameworks */,
				37F00AD11A035253005B09EE /* Resources */,
			);
			buildRules = (
			);
			dependencies = (
			);
			name = CompletionHandlerDesign;
			productName = CompletionHandlerDesign;
			productReference = 37F00AD31A035253005B09EE /* CompletionHandlerDesign.app */;
			productType = "com.apple.product-type.application";
		};
		37F00AEB1A035253005B09EE /* CompletionHandlerDesignTests */ = {
			isa = PBXNativeTarget;
			buildConfigurationList = 37F00AF91A035253005B09EE /* Build configuration list for PBXNativeTarget "CompletionHandlerDesignTests" */;
			buildPhases = (
				37F00AE81A035253005B09EE /* Sources */,
				37F00AE91A035253005B09EE /* Frameworks */,
				37F00AEA1A035253005B09EE /* Resources */,
			);
			buildRules = (
			);
			dependencies = (
				37F00AEE1A035253005B09EE /* PBXTargetDependency */,
			);
			name = CompletionHandlerDesignTests;
			productName = CompletionHandlerDesignTests;
			productReference = 37F00AEC1A035253005B09EE /* CompletionHandlerDesignTests.xctest */;
			productType = "com.apple.product-type.bundle.unit-test";
		};
/* End PBXNativeTarget section */

/* Begin PBXProject section */
		37F00ACB1A035253005B09EE /* Project object */ = {
			isa = PBXProject;
			attributes = {
				LastUpgradeCheck = 0600;
				ORGANIZATIONNAME = Mayur;
				TargetAttributes = {
					37F00AD21A035253005B09EE = {
						CreatedOnToolsVersion = 6.0.1;
					};
					37F00AEB1A035253005B09EE = {
						CreatedOnToolsVersion = 6.0.1;
						TestTargetID = 37F00AD21A035253005B09EE;
					};
				};
			};
			buildConfigurationList = 37F00ACE1A035253005B09EE /* Build configuration list for PBXProject "CompletionHandlerDesign" */;
			compatibilityVersion = "Xcode 3.2";
			developmentRegion = English;
			hasScannedForEncodings = 0;
			knownRegions = (
				en,
				Base,
			);
			mainGroup = 37F00ACA1A035253005B09EE;
			productRefGroup = 37F00AD41A035253005B09EE /* Products */;
			projectDirPath = "";
			projectRoot = "";
			targets = (
				37F00AD21A035253005B09EE /* CompletionHandlerDesign */,
				37F00AEB1A035253005B09EE /* CompletionHandlerDesignTests */,
			);
		};
/* End PBXProject section */

/* Begin PBXResourcesBuildPhase section */
		37F00AD11A035253005B09EE /* Resources */ = {
			isa = PBXResourcesBuildPhase;
			buildActionMask = 2147483647;
			files = (
				37F00AE21A035253005B09EE /* Main.storyboard in Resources */,
				37F00AE71A035253005B09EE /* LaunchScreen.xib in Resources */,
				37F00AE41A035253005B09EE /* Images.xcassets in Resources */,
			);
			runOnlyForDeploymentPostprocessing = 0;
		};
		37F00AEA1A035253005B09EE /* Resources */ = {
			isa = PBXResourcesBuildPhase;
			buildActionMask = 2147483647;
			files = (
			);
			runOnlyForDeploymentPostprocessing = 0;
		};
/* End PBXResourcesBuildPhase section */

/* Begin PBXSourcesBuildPhase section */
		37F00ACF1A035253005B09EE /* Sources */ = {
			isa = PBXSourcesBuildPhase;
			buildActionMask = 2147483647;
			files = (
				37F00AFE1A03526C005B09EE /* MyClass.m in Sources */,
				37F00ADF1A035253005B09EE /* ViewController.m in Sources */,
				37F00ADC1A035253005B09EE /* AppDelegate.m in Sources */,
				37F00AD91A035253005B09EE /* main.m in Sources */,
			);
			runOnlyForDeploymentPostprocessing = 0;
		};
		37F00AE81A035253005B09EE /* Sources */ = {
			isa = PBXSourcesBuildPhase;
			buildActionMask = 2147483647;
			files = (
				37F00AF31A035253005B09EE /* CompletionHandlerDesignTests.m in Sources */,
			);
			runOnlyForDeploymentPostprocessing = 0;
		};
/* End PBXSourcesBuildPhase section */

/* Begin PBXTargetDependency section */
		37F00AEE1A035253005B09EE /* PBXTargetDependency */ = {
			isa = PBXTargetDependency;
			target = 37F00AD21A035253005B09EE /* CompletionHandlerDesign */;
			targetProxy = 37F00AED1A035253005B09EE /* PBXContainerItemProxy */;
		};
/* End PBXTargetDependency section */

/* Begin PBXVariantGroup section */
		37F00AE01A035253005B09EE /* Main.storyboard */ = {
			isa = PBXVariantGroup;
			children = (
				37F00AE11A035253005B09EE /* Base */,
			);
			name = Main.storyboard;
			sourceTree = "<group>";
		};
		37F00AE51A035253005B09EE /* LaunchScreen.xib */ = {
			isa = PBXVariantGroup;
			children = (
				37F00AE61A035253005B09EE /* Base */,
			);
			name = LaunchScreen.xib;
			sourceTree = "<group>";
		};
/* End PBXVariantGroup section */

/* Begin XCBuildConfiguration section */
		37F00AF41A035253005B09EE /* Debug */ = {
			isa = XCBuildConfiguration;
			buildSettings = {
				ALWAYS_SEARCH_USER_PATHS = NO;
				CLANG_CXX_LANGUAGE_STANDARD = "gnu++0x";
				CLANG_CXX_LIBRARY = "libc++";
				CLANG_ENABLE_MODULES = YES;
				CLANG_ENABLE_OBJC_ARC = YES;
				CLANG_WARN_BOOL_CONVERSION = YES;
				CLANG_WARN_CONSTANT_CONVERSION = YES;
				CLANG_WARN_DIRECT_OBJC_ISA_USAGE = YES_ERROR;
				CLANG_WARN_EMPTY_BODY = YES;
				CLANG_WARN_ENUM_CONVERSION = YES;
				CLANG_WARN_INT_CONVERSION = YES;
				CLANG_WARN_OBJC_ROOT_CLASS = YES_ERROR;
				CLANG_WARN_UNREACHABLE_CODE = YES;
				CLANG_WARN__DUPLICATE_METHOD_MATCH = YES;
				"CODE_SIGN_IDENTITY[sdk=iphoneos*]" = "iPhone Developer";
				COPY_PHASE_STRIP = NO;
				ENABLE_STRICT_OBJC_MSGSEND = YES;
				GCC_C_LANGUAGE_STANDARD = gnu99;
				GCC_DYNAMIC_NO_PIC = NO;
				GCC_OPTIMIZATION_LEVEL = 0;
				GCC_PREPROCESSOR_DEFINITIONS = (
					"DEBUG=1",
					"$(inherited)",
				);
				GCC_SYMBOLS_PRIVATE_EXTERN = NO;
				GCC_WARN_64_TO_32_BIT_CONVERSION = YES;
				GCC_WARN_ABOUT_RETURN_TYPE = YES_ERROR;
				GCC_WARN_UNDECLARED_SELECTOR = YES;
				GCC_WARN_UNINITIALIZED_AUTOS = YES_AGGRESSIVE;
				GCC_WARN_UNUSED_FUNCTION = YES;
				GCC_WARN_UNUSED_VARIABLE = YES;
				IPHONEOS_DEPLOYMENT_TARGET = 8.0;
				MTL_ENABLE_DEBUG_INFO = YES;
				ONLY_ACTIVE_ARCH = YES;
				SDKROOT = iphoneos;
			};
			name = Debug;
		};
		37F00AF51A035253005B09EE /* Release */ = {
			isa = XCBuildConfiguration;
			buildSettings = {
				ALWAYS_SEARCH_USER_PATHS = NO;
				CLANG_CXX_LANGUAGE_STANDARD = "gnu++0x";
				CLANG_CXX_LIBRARY = "libc++";
				CLANG_ENABLE_MODULES = YES;
				CLANG_ENABLE_OBJC_ARC = YES;
				CLANG_WARN_BOOL_CONVERSION = YES;
				CLANG_WARN_CONSTANT_CONVERSION = YES;
				CLANG_WARN_DIRECT_OBJC_ISA_USAGE = YES_ERROR;
				CLANG_WARN_EMPTY_BODY = YES;
				CLANG_WARN_ENUM_CONVERSION = YES;
				CLANG_WARN_INT_CONVERSION = YES;
				CLANG_WARN_OBJC_ROOT_CLASS = YES_ERROR;
				CLANG_WARN_UNREACHABLE_CODE = YES;
				CLANG_WARN__DUPLICATE_METHOD_MATCH = YES;
				"CODE_SIGN_IDENTITY[sdk=iphoneos*]" = "iPhone Developer";
				COPY_PHASE_STRIP = YES;
				ENABLE_NS_ASSERTIONS = NO;
				ENABLE_STRICT_OBJC_MSGSEND = YES;
				GCC_C_LANGUAGE_STANDARD = gnu99;
				GCC_WARN_64_TO_32_BIT_CONVERSION = YES;
				GCC_WARN_ABOUT_RETURN_TYPE = YES_ERROR;
				GCC_WARN_UNDECLARED_SELECTOR = YES;
				GCC_WARN_UNINITIALIZED_AUTOS = YES_AGGRESSIVE;
				GCC_WARN_UNUSED_FUNCTION = YES;
				GCC_WARN_UNUSED_VARIABLE = YES;
				IPHONEOS_DEPLOYMENT_TARGET = 8.0;
				MTL_ENABLE_DEBUG_INFO = NO;
				SDKROOT = iphoneos;
				VALIDATE_PRODUCT = YES;
			};
			name = Release;
		};
		37F00AF71A035253005B09EE /* Debug */ = {
			isa = XCBuildConfiguration;
			buildSettings = {
				ASSETCATALOG_COMPILER_APPICON_NAME = AppIcon;
				INFOPLIST_FILE = CompletionHandlerDesign/Info.plist;
				LD_RUNPATH_SEARCH_PATHS = "$(inherited) @executable_path/Frameworks";
				PRODUCT_NAME = "$(TARGET_NAME)";
			};
			name = Debug;
		};
		37F00AF81A035253005B09EE /* Release */ = {
			isa = XCBuildConfiguration;
			buildSettings = {
				ASSETCATALOG_COMPILER_APPICON_NAME = AppIcon;
				INFOPLIST_FILE = CompletionHandlerDesign/Info.plist;
				LD_RUNPATH_SEARCH_PATHS = "$(inherited) @executable_path/Frameworks";
				PRODUCT_NAME = "$(TARGET_NAME)";
			};
			name = Release;
		};
		37F00AFA1A035253005B09EE /* Debug */ = {
			isa = XCBuildConfiguration;
			buildSettings = {
				BUNDLE_LOADER = "$(TEST_HOST)";
				FRAMEWORK_SEARCH_PATHS = (
					"$(SDKROOT)/Developer/Library/Frameworks",
					"$(inherited)",
				);
				GCC_PREPROCESSOR_DEFINITIONS = (
					"DEBUG=1",
					"$(inherited)",
				);
				INFOPLIST_FILE = CompletionHandlerDesignTests/Info.plist;
				LD_RUNPATH_SEARCH_PATHS = "$(inherited) @executable_path/Frameworks @loader_path/Frameworks";
				PRODUCT_NAME = "$(TARGET_NAME)";
				TEST_HOST = "$(BUILT_PRODUCTS_DIR)/CompletionHandlerDesign.app/CompletionHandlerDesign";
			};
			name = Debug;
		};
		37F00AFB1A035253005B09EE /* Release */ = {
			isa = XCBuildConfiguration;
			buildSettings = {
				BUNDLE_LOADER = "$(TEST_HOST)";
				FRAMEWORK_SEARCH_PATHS = (
					"$(SDKROOT)/Developer/Library/Frameworks",
					"$(inherited)",
				);
				INFOPLIST_FILE = CompletionHandlerDesignTests/Info.plist;
				LD_RUNPATH_SEARCH_PATHS = "$(inherited) @executable_path/Frameworks @loader_path/Frameworks";
				PRODUCT_NAME = "$(TARGET_NAME)";
				TEST_HOST = "$(BUILT_PRODUCTS_DIR)/CompletionHandlerDesign.app/CompletionHandlerDesign";
			};
			name = Release;
		};
/* End XCBuildConfiguration section */

/* Begin XCConfigurationList section */
		37F00ACE1A035253005B09EE /* Build configuration list for PBXProject "CompletionHandlerDesign" */ = {
			isa = XCConfigurationList;
			buildConfigurations = (
				37F00AF41A035253005B09EE /* Debug */,
				37F00AF51A035253005B09EE /* Release */,
			);
			defaultConfigurationIsVisible = 0;
			defaultConfigurationName = Release;
		};
		37F00AF61A035253005B09EE /* Build configuration list for PBXNativeTarget "CompletionHandlerDesign" */ = {
			isa = XCConfigurationList;
			buildConfigurations = (
				37F00AF71A035253005B09EE /* Debug */,
				37F00AF81A035253005B09EE /* Release */,
			);
			defaultConfigurationIsVisible = 0;
		};
		37F00AF91A035253005B09EE /* Build configuration list for PBXNativeTarget "CompletionHandlerDesignTests" */ = {
			isa = XCConfigurationList;
			buildConfigurations = (
				37F00AFA1A035253005B09EE /* Debug */,
				37F00AFB1A035253005B09EE /* Release */,
			);
			defaultConfigurationIsVisible = 0;
		};
/* End XCConfigurationList section */
	};
	rootObject = 37F00ACB1A035253005B09EE /* Project object */;
}
